
Microsoft Visual Studio Solution File, Format Version 11.00
# Visual Studio 2010
Project("{8BC9CEB8-8B4A-11D0-8D11-00A0C91BC942}") = "OpenCL", "OpenCL\OpenCL.vcxproj", "{4929A946-A7C9-43A1-ADE1-12896BB69E04}"
EndProject
Global
	GlobalSection(SolutionConfigurationPlatforms) = preSolution
		Debug|Win32 = Debug|Win32
		Release|Win32 = Release|Win32
	EndGlobalSection
	GlobalSection(ProjectConfigurationPlatforms) = postSolution
		{4929A946-A7C9-43A1-ADE1-12896BB69E04}.Debug|Win32.ActiveCfg = Debug|Win32
		{4929A946-A7C9-43A1-ADE1-12896BB69E04}.Debug|Win32.Build.0 = Debug|Win32
		{4929A946-A7C9-43A1-ADE1-12896BB69E04}.Release|Win32.ActiveCfg = Release|Win32
		{4929A946-A7C9-43A1-ADE1-12896BB69E04}.Release|Win32.Build.0 = Release|Win32
	EndGlobalSection
	GlobalSection(SolutionProperties) = preSolution
		HideSolutionNode = FALSE
	EndGlobalSection
EndGlobal
